
Microsoft Visual Studio Solution File, Format Version 12.00
# Visual Studio Version 17
VisualStudioVersion = 17.3.32804.467
MinimumVisualStudioVersion = 10.0.40219.1
Project("{FAE04EC0-301F-11D3-BF4B-00C04F79EFBC}") = "ConsoleApp1", "ConsoleApp1\ConsoleApp1.csproj", "{1BF55FF0-31C6-4043-BB1E-2FB26420C13D}"
EndProject
Global
	GlobalSection(SolutionConfigurationPlatforms) = preSolution
		Debug|Any CPU = Debug|Any CPU
		Release|Any CPU = Release|Any CPU
	EndGlobalSection
	GlobalSection(ProjectConfigurationPlatforms) = postSolution
		{1BF55FF0-31C6-4043-BB1E-2FB26420C13D}.Debug|Any CPU.ActiveCfg = Debug|Any CPU
		{1BF55FF0-31C6-4043-BB1E-2FB26420C13D}.Debug|Any CPU.Build.0 = Debug|Any CPU
		{1BF55FF0-31C6-4043-BB1E-2FB26420C13D}.Release|Any CPU.ActiveCfg = Release|Any CPU
		{1BF55FF0-31C6-4043-BB1E-2FB26420C13D}.Release|Any CPU.Build.0 = Release|Any CPU
	EndGlobalSection
	GlobalSection(SolutionProperties) = preSolution
		HideSolutionNode = FALSE
	EndGlobalSection
	GlobalSection(ExtensibilityGlobals) = postSolution
		SolutionGuid = {1DE8558D-F547-404D-B6DD-A3B8565B38B7}
	EndGlobalSection
EndGlobal
